
Microsoft Visual Studio Solution File, Format Version 12.00
# Visual Studio Version 16
VisualStudioVersion = 16.0.30114.105
MinimumVisualStudioVersion = 10.0.40219.1
Project("{FAE04EC0-301F-11D3-BF4B-00C04F79EFBC}") = "Vehicles-API", "Vehicles-API\Vehicles-API.csproj", "{796E3DEB-75C2-4BEC-9D83-96BA2CBBBBE9}"
EndProject
Project("{2150E333-8FDC-42A3-9474-1A3956D46DE8}") = "Clients", "Clients", "{B299CD13-DBE9-43FE-AE14-AF06B6CC9303}"
EndProject
Project("{FAE04EC0-301F-11D3-BF4B-00C04F79EFBC}") = "MvcApp", "Clients\MvcApp\MvcApp.csproj", "{B3B87428-E2B3-4C6E-B741-B22F9BABBCEB}"
EndProject
Global
	GlobalSection(SolutionConfigurationPlatforms) = preSolution
		Debug|Any CPU = Debug|Any CPU
		Release|Any CPU = Release|Any CPU
	EndGlobalSection
	GlobalSection(SolutionProperties) = preSolution
		HideSolutionNode = FALSE
	EndGlobalSection
	GlobalSection(ProjectConfigurationPlatforms) = postSolution
		{796E3DEB-75C2-4BEC-9D83-96BA2CBBBBE9}.Debug|Any CPU.ActiveCfg = Debug|Any CPU
		{796E3DEB-75C2-4BEC-9D83-96BA2CBBBBE9}.Debug|Any CPU.Build.0 = Debug|Any CPU
		{796E3DEB-75C2-4BEC-9D83-96BA2CBBBBE9}.Release|Any CPU.ActiveCfg = Release|Any CPU
		{796E3DEB-75C2-4BEC-9D83-96BA2CBBBBE9}.Release|Any CPU.Build.0 = Release|Any CPU
		{B3B87428-E2B3-4C6E-B741-B22F9BABBCEB}.Debug|Any CPU.ActiveCfg = Debug|Any CPU
		{B3B87428-E2B3-4C6E-B741-B22F9BABBCEB}.Debug|Any CPU.Build.0 = Debug|Any CPU
		{B3B87428-E2B3-4C6E-B741-B22F9BABBCEB}.Release|Any CPU.ActiveCfg = Release|Any CPU
		{B3B87428-E2B3-4C6E-B741-B22F9BABBCEB}.Release|Any CPU.Build.0 = Release|Any CPU
	EndGlobalSection
	GlobalSection(NestedProjects) = preSolution
		{B3B87428-E2B3-4C6E-B741-B22F9BABBCEB} = {B299CD13-DBE9-43FE-AE14-AF06B6CC9303}
	EndGlobalSection
EndGlobal
